{
  "name": "analyze_project",
  "version": "0.0.1",
  "lockfileVersion": 1,
  "requires": true,
  "dependencies": {
    "configstore": {
      "version": "4.0.0",
      "resolved": "https://registry.npmjs.org/configstore/-/configstore-4.0.0.tgz",
      "integrity": "sha512-CmquAXFBocrzaSM8mtGPMM/HiWmyIpr4CcJl/rgY2uCObZ/S7cKU0silxslqJejl+t/T9HS8E0PUNQD81JGUEQ==",
      "requires": {
        "dot-prop": "^4.1.0",
        "graceful-fs": "^4.1.2",
        "make-dir": "^1.0.0",
        "unique-string": "^1.0.0",
        "write-file-atomic": "^2.0.0",
        "xdg-basedir": "^3.0.0"
      }
    },
    "crypto-random-string": {
      "version": "1.0.0",
      "resolved": "https://registry.npmjs.org/crypto-random-string/-/crypto-random-string-1.0.0.tgz",
      "integrity": "sha1-ojD2T1aDEOFJgAmUB5DsmVRbyn4="
    },
    "dot-prop": {
      "version": "4.2.0",
      "resolved": "https://registry.npmjs.org/dot-prop/-/dot-prop-4.2.0.tgz",
      "integrity": "sha512-tUMXrxlExSW6U2EXiiKGSBVdYgtV8qlHL+C10TsW4PURY/ic+eaysnSkwB4kA/mBlCyy/IKDJ+Lc3wbWeaXtuQ==",
      "requires": {
        "is-obj": "^1.0.0"
      }
    },
    "dotenv": {
      "version": "6.2.0",
      "resolved": "https://registry.npmjs.org/dotenv/-/dotenv-6.2.0.tgz",
      "integrity": "sha512-HygQCKUBSFl8wKQZBSemMywRWcEDNidvNbjGVyZu3nbZ8qq9ubiPoGLMdRDpfSrpkkm9BXYFkpKxxFX38o/76w=="
    },
    "encoding": {
      "version": "0.1.12",
      "resolved": "https://registry.npmjs.org/encoding/-/encoding-0.1.12.tgz",
      "integrity": "sha1-U4tm8+5izRq1HsMjgp0flIDHS+s=",
      "requires": {
        "iconv-lite": "~0.4.13"
      }
    },
    "es6-promise": {
      "version": "4.2.5",
      "resolved": "https://registry.npmjs.org/es6-promise/-/es6-promise-4.2.5.tgz",
      "integrity": "sha512-n6wvpdE43VFtJq+lUDYDBFUwV8TZbuGXLV4D6wKafg13ldznKsyEvatubnmUe31zcvelSzOHF+XbaT+Bl9ObDg=="
    },
    "es6-promisify": {
      "version": "6.0.1",
      "resolved": "https://registry.npmjs.org/es6-promisify/-/es6-promisify-6.0.1.tgz",
      "integrity": "sha512-J3ZkwbEnnO+fGAKrjVpeUAnZshAdfZvbhQpqfIH9kSAspReRC4nJnu8ewm55b4y9ElyeuhCTzJD0XiH8Tsbhlw=="
    },
    "fetch-everywhere": {
      "version": "1.0.5",
      "resolved": "https://registry.npmjs.org/fetch-everywhere/-/fetch-everywhere-1.0.5.tgz",
      "integrity": "sha1-skl/R6V9kCazkHwJdWrPX0vTTos=",
      "requires": {
        "node-fetch": "^1.0.1",
        "whatwg-fetch": ">=0.10.0"
      }
    },
    "file-type": {
      "version": "10.7.1",
      "resolved": "https://registry.npmjs.org/file-type/-/file-type-10.7.1.tgz",
      "integrity": "sha512-kUc4EE9q3MH6kx70KumPOvXLZLEJZzY9phEVg/bKWyGZ+OA9KoKZzFR4HS0yDmNv31sJkdf4hbTERIfplF9OxQ=="
    },
    "graceful-fs": {
      "version": "4.1.15",
      "resolved": "https://registry.npmjs.org/graceful-fs/-/graceful-fs-4.1.15.tgz",
      "integrity": "sha512-6uHUhOPEBgQ24HM+r6b/QwWfZq+yiFcipKFrOFiBEnWdy5sdzYoi+pJeQaPI5qOLRFqWmAXUPQNsielzdLoecA=="
    },
    "gtmetrix": {
      "version": "1.3.0",
      "resolved": "https://registry.npmjs.org/gtmetrix/-/gtmetrix-1.3.0.tgz",
      "integrity": "sha512-eCO/Tr0DtQbw+wxieCf/rUCnHdvzdWfKflVYn39Tc2SE8PKcrOH5Ua85q3WqMUoUEih0EINc9PBqhor+Tf7HfA==",
      "requires": {
        "es6-promisify": "^6.0.0",
        "httpreq": "^0.4.24"
      }
    },
    "httpreq": {
      "version": "0.4.24",
      "resolved": "https://registry.npmjs.org/httpreq/-/httpreq-0.4.24.tgz",
      "integrity": "sha1-QzX/2CzZaWaKOUZckprGHWOTYn8="
    },
    "iconv-lite": {
      "version": "0.4.24",
      "resolved": "https://registry.npmjs.org/iconv-lite/-/iconv-lite-0.4.24.tgz",
      "integrity": "sha512-v3MXnZAcvnywkTUEZomIActle7RXXeedOR31wwl7VlyoXO4Qi9arvSenNQWne1TcRwhCL1HwLI21bEqdpj8/rA==",
      "requires": {
        "safer-buffer": ">= 2.1.2 < 3"
      }
    },
    "imurmurhash": {
      "version": "0.1.4",
      "resolved": "https://registry.npmjs.org/imurmurhash/-/imurmurhash-0.1.4.tgz",
      "integrity": "sha1-khi5srkoojixPcT7a21XbyMUU+o="
    },
    "is-obj": {
      "version": "1.0.1",
      "resolved": "https://registry.npmjs.org/is-obj/-/is-obj-1.0.1.tgz",
      "integrity": "sha1-PkcprB9f3gJc19g6iW2rn09n2w8="
    },
    "is-stream": {
      "version": "1.1.0",
      "resolved": "https://registry.npmjs.org/is-stream/-/is-stream-1.1.0.tgz",
      "integrity": "sha1-EtSj3U5o4Lec6428hBc66A2RykQ="
    },
    "make-dir": {
      "version": "1.3.0",
      "resolved": "https://registry.npmjs.org/make-dir/-/make-dir-1.3.0.tgz",
      "integrity": "sha512-2w31R7SJtieJJnQtGc7RVL2StM2vGYVfqUOvUDxH6bC6aJTxPxTF0GnIgCyu7tjockiUWAYQRbxa7vKn34s5sQ==",
      "requires": {
        "pify": "^3.0.0"
      },
      "dependencies": {
        "pify": {
          "version": "3.0.0",
          "resolved": "https://registry.npmjs.org/pify/-/pify-3.0.0.tgz",
          "integrity": "sha1-5aSs0sEB/fPZpNB/DbxNtJ3SgXY="
        }
      }
    },
    "node-fetch": {
      "version": "1.7.3",
      "resolved": "https://registry.npmjs.org/node-fetch/-/node-fetch-1.7.3.tgz",
      "integrity": "sha512-NhZ4CsKx7cYm2vSrBAr2PvFOe6sWDf0UYLRqA6svUYg7+/TSfVAu49jYC4BvQ4Sms9SZgdqGBgroqfDhJdTyKQ==",
      "requires": {
        "encoding": "^0.1.11",
        "is-stream": "^1.0.1"
      }
    },
    "opencage-api-client": {
      "version": "0.4.0",
      "resolved": "https://registry.npmjs.org/opencage-api-client/-/opencage-api-client-0.4.0.tgz",
      "integrity": "sha512-lQkgFRnSRRqzRo8QJ0U+x4w7TcjT0EbCwxV4s4zrkKB1lKYGD7ftyWJ415Q5p32ENSZ+7cQctoaoyqT0k0Ez7Q==",
      "requires": {
        "dotenv": "^6.2.0",
        "es6-promise": "^4.2.5",
        "fetch-everywhere": "^1.0.5"
      }
    },
    "p-finally": {
      "version": "1.0.0",
      "resolved": "https://registry.npmjs.org/p-finally/-/p-finally-1.0.0.tgz",
      "integrity": "sha1-P7z7FbiZpEEjs0ttzBi3JDNqLK4="
    },
    "p-try": {
      "version": "2.0.0",
      "resolved": "https://registry.npmjs.org/p-try/-/p-try-2.0.0.tgz",
      "integrity": "sha512-hMp0onDKIajHfIkdRk3P4CdCmErkYAxxDtP3Wx/4nZ3aGlau2VKh3mZpcuFkH27WQkL/3WBCPOktzA9ZOAnMQQ=="
    },
    "pify": {
      "version": "4.0.1",
      "resolved": "https://registry.npmjs.org/pify/-/pify-4.0.1.tgz",
      "integrity": "sha512-uB80kBFb/tfd68bVleG9T5GGsGPjJrLAUpR5PZIrhBnIaRTQRjqdJSsIKkOP6OAIFbj7GOrcudc5pNjZ+geV2g=="
    },
    "read-chunk": {
      "version": "3.0.0",
      "resolved": "https://registry.npmjs.org/read-chunk/-/read-chunk-3.0.0.tgz",
      "integrity": "sha512-8lBUVPjj9TC5bKLBacB+rpexM03+LWiYbv6ma3BeWmUYXGxqA1WNNgIZHq/iIsCrbFMzPhFbkOqdsyOFRnuoXg==",
      "requires": {
        "pify": "^4.0.0",
        "with-open-file": "^0.1.3"
      }
    },
    "safer-buffer": {
      "version": "2.1.2",
      "resolved": "https://registry.npmjs.org/safer-buffer/-/safer-buffer-2.1.2.tgz",
      "integrity": "sha512-YZo3K82SD7Riyi0E1EQPojLz7kpepnSQI9IyPbHHg1XXXevb5dJI7tpyN2ADxGcQbHG7vcyRHk0cbwqcQriUtg=="
    },
    "signal-exit": {
      "version": "3.0.2",
      "resolved": "https://registry.npmjs.org/signal-exit/-/signal-exit-3.0.2.tgz",
      "integrity": "sha1-tf3AjxKH6hF4Yo5BXiUTK3NkbG0="
    },
    "unique-string": {
      "version": "1.0.0",
      "resolved": "https://registry.npmjs.org/unique-string/-/unique-string-1.0.0.tgz",
      "integrity": "sha1-nhBXzKhRq7kzmPizOuGHuZyuwRo=",
      "requires": {
        "crypto-random-string": "^1.0.0"
      }
    },
    "whatwg-fetch": {
      "version": "3.0.0",
      "resolved": "https://registry.npmjs.org/whatwg-fetch/-/whatwg-fetch-3.0.0.tgz",
      "integrity": "sha512-9GSJUgz1D4MfyKU7KRqwOjXCXTqWdFNvEr7eUBYchQiVc744mqK/MzXPNR2WsPkmkOa4ywfg8C2n8h+13Bey1Q=="
    },
    "with-open-file": {
      "version": "0.1.5",
      "resolved": "https://registry.npmjs.org/with-open-file/-/with-open-file-0.1.5.tgz",
      "integrity": "sha512-zY51cJCXG6qBilVuMceKNwU3rzjB/Ygt96BuSQ4+tXo3ewlxvj9ET99lpUHNzWfkYmsyfqKZEB9NJORmGZ1Ltw==",
      "requires": {
        "p-finally": "^1.0.0",
        "p-try": "^2.0.0",
        "pify": "^3.0.0"
      },
      "dependencies": {
        "pify": {
          "version": "3.0.0",
          "resolved": "https://registry.npmjs.org/pify/-/pify-3.0.0.tgz",
          "integrity": "sha1-5aSs0sEB/fPZpNB/DbxNtJ3SgXY="
        }
      }
    },
    "write-file-atomic": {
      "version": "2.4.2",
      "resolved": "https://registry.npmjs.org/write-file-atomic/-/write-file-atomic-2.4.2.tgz",
      "integrity": "sha512-s0b6vB3xIVRLWywa6X9TOMA7k9zio0TMOsl9ZnDkliA/cfJlpHXAscj0gbHVJiTdIuAYpIyqS5GW91fqm6gG5g==",
      "requires": {
        "graceful-fs": "^4.1.11",
        "imurmurhash": "^0.1.4",
        "signal-exit": "^3.0.2"
      }
    },
    "xdg-basedir": {
      "version": "3.0.0",
      "resolved": "https://registry.npmjs.org/xdg-basedir/-/xdg-basedir-3.0.0.tgz",
      "integrity": "sha1-SWsswQnsqNus/i3HK2A8F8WHCtQ="
    }
  }
}
